
Microsoft Visual Studio Solution File, Format Version 12.00
# Visual Studio Version 16
VisualStudioVersion = 16.0.30413.136
MinimumVisualStudioVersion = 10.0.40219.1
Project("{888888A0-9F3D-457C-B088-3A5042F75D52}") = "Klassitöö(NM)", "Klassitöö(NM).pyproj", "{1A597C19-C0AC-4D3C-B337-315A17B8F609}"
EndProject
Global
	GlobalSection(SolutionConfigurationPlatforms) = preSolution
		Debug|Any CPU = Debug|Any CPU
		Release|Any CPU = Release|Any CPU
	EndGlobalSection
	GlobalSection(ProjectConfigurationPlatforms) = postSolution
		{1A597C19-C0AC-4D3C-B337-315A17B8F609}.Debug|Any CPU.ActiveCfg = Debug|Any CPU
		{1A597C19-C0AC-4D3C-B337-315A17B8F609}.Release|Any CPU.ActiveCfg = Release|Any CPU
	EndGlobalSection
	GlobalSection(SolutionProperties) = preSolution
		HideSolutionNode = FALSE
	EndGlobalSection
	GlobalSection(ExtensibilityGlobals) = postSolution
		SolutionGuid = {0CDB8EE7-4450-4C8A-B203-D2BDE86B59D8}
	EndGlobalSection
EndGlobal
